{
  "root": "b10d07a8c6ea8bb6",
  "generated": "2026-08-04T23:33:49Z",
  "status": "aligned",
  "symbols": {
    "architecture": {
      "hash": "fe866e7cdcbb18f1",
      "means": "architecture: authority=server, engine=unity-6000.1.14f1, expects_max_players=10, netcode=fishnet, tick_hz=30, transport=tugboat-udp",
      "docs": {
        "docs/netcode.md": {
          "hash": "8644546af950a724",
          "status": "current"
        }
      },
      "interlocks": {
        "gameplay.max_players == expects_max_players": "PASS"
      }
    },
    "assets": {
      "hash": "26e0c585b0bd9ee9",
      "means": "assets: budget_usd_max=100, license_preference=cc0-kenney-first, spent_usd=0",
      "docs": {
        "docs/assets.md": {
          "hash": "91fa7850854502ab",
          "status": "current"
        }
      },
      "interlocks": {}
    },
    "deployment": {
      "hash": "613cf536594aae5e",
      "means": "deployment: cluster=tow-c1, expects_transport=tugboat-udp, host=potshot.kodloki.io, image=bholcombe/potshot-server, namespace=potshot, udp_exposure=hostPort-7777",
      "docs": {
        "docs/deployment.md": {
          "hash": "8be4fbfe02cb7ec6",
          "status": "current"
        }
      },
      "interlocks": {
        "architecture.transport == expects_transport": "PASS"
      }
    },
    "gameplay": {
      "hash": "7666f50665ee7759",
      "means": "gameplay: genre=top-down-tank-arena, max_players=10, mvp_mode=ffa-deathmatch",
      "docs": {
        "docs/gameplay.md": {
          "hash": "a81bb544728ba15a",
          "status": "current"
        }
      },
      "interlocks": {}
    },
    "steam": {
      "hash": "d029b85428bb073c",
      "means": "steam: branding=Potshot, forbidden_marks=any Shell* name (kChamp Games), planned_transport=fishy-steamworks, status=backlog-m6",
      "docs": {
        "docs/steam.md": {
          "hash": "7d03b16521fdd97e",
          "status": "current"
        }
      },
      "interlocks": {}
    }
  }
}
